<?xml version="1.0" encoding="utf-8"?>
<Project ToolsVersion="4.0" xmlns="http://schemas.microsoft.com/developer/msbuild/2003">
  <ItemGroup>
    <Filter Include="Source Files">
      <UniqueIdentifier>{4FC737F1-C7A5-4376-A066-2A32D752A2FF}</UniqueIdentifier>
      <Extensions>cpp;c;cc;cxx;def;odl;idl;hpj;bat;asm;asmx</Extensions>
    </Filter>
    <Filter Include="Header Files">
      <UniqueIdentifier>{93995380-89BD-4b04-88EB-625FBE52EBFB}</UniqueIdentifier>
      <Extensions>h;hh;hpp;hxx;hm;inl;inc;ipp;xsd</Extensions>
    </Filter>
    <Filter Include="Resource Files">
      <UniqueIdentifier>{67DA6AB6-F800-4c08-8B7A-83BB121AAD01}</UniqueIdentifier>
      <Extensions>rc;ico;cur;bmp;dlg;rc2;rct;bin;rgs;gif;jpg;jpeg;jpe;resx;tiff;tif;png;wav;mfcribbon-ms</Extensions>
    </Filter>
  </ItemGroup>
  <ItemGroup>
    <ClInclude Include="framework.h">
      <Filter>Header Files</Filter>
    </ClInclude>
    <ClInclude Include="pch.h">
      <Filter>Header Files</Filter>
    </ClInclude>
    <ClInclude Include="enforcer.h">
      <Filter>Header Files</Filter>
    </ClInclude>
    <ClInclude Include="config\Config.h">
      <Filter>Header Files</Filter>
    </ClInclude>
    <ClInclude Include="config\ConfigInterface.h">
      <Filter>Header Files</Filter>
    </ClInclude>
    <ClInclude Include="effect\DefaultEffector.h">
      <Filter>Header Files</Filter>
    </ClInclude>
    <ClInclude Include="effect\Effect.h">
      <Filter>Header Files</Filter>
    </ClInclude>
    <ClInclude Include="effect\Effector.h">
      <Filter>Header Files</Filter>
    </ClInclude>
    <ClInclude Include="error\Error.h">
      <Filter>Header Files</Filter>
    </ClInclude>
    <ClInclude Include="exception\IllegalArgumentException.h">
      <Filter>Header Files</Filter>
    </ClInclude>
    <ClInclude Include="exception\IOException.h">
      <Filter>Header Files</Filter>
    </ClInclude>
    <ClInclude Include="exception\MissingRequiredSections.h">
      <Filter>Header Files</Filter>
    </ClInclude>
    <ClInclude Include="exception\UnsupportedOperationException.h">
      <Filter>Header Files</Filter>
    </ClInclude>
    <ClInclude Include="IPParser\exceptions\ParseException.h">
      <Filter>Header Files</Filter>
    </ClInclude>
    <ClInclude Include="IPParser\parser\allFF.h">
      <Filter>Header Files</Filter>
    </ClInclude>
    <ClInclude Include="IPParser\parser\byte.h">
      <Filter>Header Files</Filter>
    </ClInclude>
    <ClInclude Include="IPParser\parser\CIDR.h">
      <Filter>Header Files</Filter>
    </ClInclude>
    <ClInclude Include="IPParser\parser\CIDRMask.h">
      <Filter>Header Files</Filter>
    </ClInclude>
    <ClInclude Include="IPParser\parser\dtoi.h">
      <Filter>Header Files</Filter>
    </ClInclude>
    <ClInclude Include="IPParser\parser\equal.h">
      <Filter>Header Files</Filter>
    </ClInclude>
    <ClInclude Include="IPParser\parser\IP.h">
      <Filter>Header Files</Filter>
    </ClInclude>
    <ClInclude Include="IPParser\parser\IPMask.h">
      <Filter>Header Files</Filter>
    </ClInclude>
    <ClInclude Include="IPParser\parser\IPNet.h">
      <Filter>Header Files</Filter>
    </ClInclude>
    <ClInclude Include="IPParser\parser\IPv4.h">
      <Filter>Header Files</Filter>
    </ClInclude>
    <ClInclude Include="IPParser\parser\parseCIDR.h">
      <Filter>Header Files</Filter>
    </ClInclude>
    <ClInclude Include="IPParser\parser\parseIP.h">
      <Filter>Header Files</Filter>
    </ClInclude>
    <ClInclude Include="IPParser\parser\parseIPv4.h">
      <Filter>Header Files</Filter>
    </ClInclude>
    <ClInclude Include="IPParser\parser\parseIPv6.h">
      <Filter>Header Files</Filter>
    </ClInclude>
    <ClInclude Include="IPParser\parser\Print.h">
      <Filter>Header Files</Filter>
    </ClInclude>
    <ClInclude Include="IPParser\parser\xtoi.h">
      <Filter>Header Files</Filter>
    </ClInclude>
    <ClInclude Include="log\DefaultLogger.h">
      <Filter>Header Files</Filter>
    </ClInclude>
    <ClInclude Include="log\Log.h">
      <Filter>Header Files</Filter>
    </ClInclude>
    <ClInclude Include="log\Logger.h">
      <Filter>Header Files</Filter>
    </ClInclude>
    <ClInclude Include="log\LogUtil.h">
      <Filter>Header Files</Filter>
    </ClInclude>
    <ClInclude Include="model\Assertion.h">
      <Filter>Header Files</Filter>
    </ClInclude>
    <ClInclude Include="model\Model.h">
      <Filter>Header Files</Filter>
    </ClInclude>
    <ClInclude Include="model\Policy.h">
      <Filter>Header Files</Filter>
    </ClInclude>
    <ClInclude Include="persist\Adapter.h">
      <Filter>Header Files</Filter>
    </ClInclude>
    <ClInclude Include="rbac\DefaultRoleManager.h">
      <Filter>Header Files</Filter>
    </ClInclude>
    <ClInclude Include="rbac\GroupRoleManager.h">
      <Filter>Header Files</Filter>
    </ClInclude>
    <ClInclude Include="rbac\RoleManager.h">
      <Filter>Header Files</Filter>
    </ClInclude>
    <ClInclude Include="util\arrayEquals.h">
      <Filter>Header Files</Filter>
    </ClInclude>
    <ClInclude Include="util\arrayRemoveDuplicates.h">
      <Filter>Header Files</Filter>
    </ClInclude>
    <ClInclude Include="util\builtInFunctions.h">
      <Filter>Header Files</Filter>
    </ClInclude>
    <ClInclude Include="util\ends_with.h">
      <Filter>Header Files</Filter>
    </ClInclude>
    <ClInclude Include="util\escapeAssertion.h">
      <Filter>Header Files</Filter>
    </ClInclude>
    <ClInclude Include="util\findAllOccurences.h">
      <Filter>Header Files</Filter>
    </ClInclude>
    <ClInclude Include="util\join.h">
      <Filter>Header Files</Filter>
    </ClInclude>
    <ClInclude Include="util\removeComments.h">
      <Filter>Header Files</Filter>
    </ClInclude>
    <ClInclude Include="util\split.h">
      <Filter>Header Files</Filter>
    </ClInclude>
    <ClInclude Include="util\trim.h">
      <Filter>Header Files</Filter>
    </ClInclude>
  </ItemGroup>
  <ItemGroup>
    <ClCompile Include="dllmain.cpp">
      <Filter>Source Files</Filter>
    </ClCompile>
    <ClCompile Include="pch.cpp">
      <Filter>Source Files</Filter>
    </ClCompile>
    <ClCompile Include="enforcer.cpp">
      <Filter>Source Files</Filter>
    </ClCompile>
  </ItemGroup>
</Project>