<?xml version="1.0" encoding="utf-8"?>
<Project ToolsVersion="4.0" xmlns="http://schemas.microsoft.com/developer/msbuild/2003">
  <ItemGroup>
    <Filter Include="Source Files">
      <UniqueIdentifier>{4FC737F1-C7A5-4376-A066-2A32D752A2FF}</UniqueIdentifier>
      <Extensions>cpp;c;cc;cxx;def;odl;idl;hpj;bat;asm;asmx</Extensions>
    </Filter>
    <Filter Include="Header Files">
      <UniqueIdentifier>{93995380-89BD-4b04-88EB-625FBE52EBFB}</UniqueIdentifier>
      <Extensions>h;hh;hpp;hxx;hm;inl;inc;ipp;xsd</Extensions>
    </Filter>
    <Filter Include="Resource Files">
      <UniqueIdentifier>{67DA6AB6-F800-4c08-8B7A-83BB121AAD01}</UniqueIdentifier>
      <Extensions>rc;ico;cur;bmp;dlg;rc2;rct;bin;rgs;gif;jpg;jpeg;jpe;resx;tiff;tif;png;wav;mfcribbon-ms</Extensions>
    </Filter>
    <Filter Include="Header Files\config">
      <UniqueIdentifier>{32489c5d-6ea0-4d7e-9a3d-72ad59cd1ce0}</UniqueIdentifier>
    </Filter>
    <Filter Include="Header Files\duktape">
      <UniqueIdentifier>{fc255813-1f15-42bb-bc05-26a1111d9c3d}</UniqueIdentifier>
    </Filter>
    <Filter Include="Header Files\effect">
      <UniqueIdentifier>{5c372a6d-1a50-464b-a457-2c7bc084d256}</UniqueIdentifier>
    </Filter>
    <Filter Include="Header Files\exception">
      <UniqueIdentifier>{2e3edbd9-b87d-42e7-aa4a-3dcfdb0af1a9}</UniqueIdentifier>
    </Filter>
    <Filter Include="Header Files\persist">
      <UniqueIdentifier>{1edc3d86-e4a6-41bd-8c13-c6a849d3fd5b}</UniqueIdentifier>
    </Filter>
    <Filter Include="Header Files\rbac">
      <UniqueIdentifier>{998783e5-4cdf-4808-9c75-e51ab0952cc9}</UniqueIdentifier>
    </Filter>
    <Filter Include="Header Files\util">
      <UniqueIdentifier>{6f74038e-9348-49cf-86e3-0288330df3aa}</UniqueIdentifier>
    </Filter>
    <Filter Include="Header Files\ip_parser">
      <UniqueIdentifier>{fe9a31f8-f199-41cc-a143-97d857160133}</UniqueIdentifier>
    </Filter>
    <Filter Include="Header Files\ip_parser\parser">
      <UniqueIdentifier>{608fe2a4-0ca4-4b1b-8585-b33692c7efe4}</UniqueIdentifier>
    </Filter>
    <Filter Include="Source Files\duktape">
      <UniqueIdentifier>{19fadd05-2499-4380-9033-b75f79f90483}</UniqueIdentifier>
    </Filter>
    <Filter Include="Source Files\config">
      <UniqueIdentifier>{02df1eec-cf14-4ca6-a900-09c7feada787}</UniqueIdentifier>
    </Filter>
    <Filter Include="Source Files\ip_parser">
      <UniqueIdentifier>{d1ae171d-ef7f-4125-8c0b-c21c38a96a3b}</UniqueIdentifier>
    </Filter>
    <Filter Include="Source Files\rbac">
      <UniqueIdentifier>{64f7731e-f8d6-4a9f-b49c-aeeb8e833cb7}</UniqueIdentifier>
    </Filter>
    <Filter Include="Source Files\util">
      <UniqueIdentifier>{6ce08247-6b46-4921-867b-2a3d7b56248d}</UniqueIdentifier>
    </Filter>
    <Filter Include="Source Files\effect">
      <UniqueIdentifier>{943dca81-dd7c-43b9-ba98-ee6efd09dd65}</UniqueIdentifier>
    </Filter>
    <Filter Include="Source Files\model">
      <UniqueIdentifier>{8c4709f3-d214-42f5-b506-2f416b7e2819}</UniqueIdentifier>
    </Filter>
    <Filter Include="Source Files\exception">
      <UniqueIdentifier>{1521add1-3af8-4660-adb9-ec55175d4621}</UniqueIdentifier>
    </Filter>
    <Filter Include="Source Files\ip_parser\parser">
      <UniqueIdentifier>{deb02d53-9580-4fb9-b666-6b3a2713d286}</UniqueIdentifier>
    </Filter>
    <Filter Include="Source Files\ip_parser\exceptions">
      <UniqueIdentifier>{c1a83ec0-b3e2-4b46-9755-6e20d8f26356}</UniqueIdentifier>
    </Filter>
    <Filter Include="Source Files\persist">
      <UniqueIdentifier>{c9d1230b-64a7-4553-aba5-fe331709ed07}</UniqueIdentifier>
    </Filter>
    <Filter Include="Source Files\persist\file_adapter">
      <UniqueIdentifier>{ba2b7711-b8b5-4932-a296-e1ad76599728}</UniqueIdentifier>
    </Filter>
    <Filter Include="Header Files\persist\file_adapter">
      <UniqueIdentifier>{4d2de745-b3c0-4019-a95b-a1b641e698da}</UniqueIdentifier>
    </Filter>
    <Filter Include="Header Files\ip_parser\exception">
      <UniqueIdentifier>{523502e9-4d2b-4d36-8556-2f8e84d461aa}</UniqueIdentifier>
    </Filter>
    <Filter Include="Header Files\model">
      <UniqueIdentifier>{efc1c0ae-be20-4cac-a147-934d0743420a}</UniqueIdentifier>
    </Filter>
  </ItemGroup>
  <ItemGroup>
    <ClCompile Include="pch.cpp">
      <Filter>Source Files</Filter>
    </ClCompile>
    <ClCompile Include="duktape\duktape.cpp">
      <Filter>Source Files\duktape</Filter>
    </ClCompile>
    <ClCompile Include="config\config.cpp">
      <Filter>Source Files\config</Filter>
    </ClCompile>
    <ClCompile Include="effect\default_effector.cpp">
      <Filter>Source Files\effect</Filter>
    </ClCompile>
    <ClCompile Include="exception\casbin_adapter_exception.cpp">
      <Filter>Source Files\exception</Filter>
    </ClCompile>
    <ClCompile Include="exception\casbin_enforcer_exception.cpp">
      <Filter>Source Files\exception</Filter>
    </ClCompile>
    <ClCompile Include="exception\casbin_rbac_exception.cpp">
      <Filter>Source Files\exception</Filter>
    </ClCompile>
    <ClCompile Include="exception\illegal_argument_exception.cpp">
      <Filter>Source Files\exception</Filter>
    </ClCompile>
    <ClCompile Include="exception\io_exception.cpp">
      <Filter>Source Files\exception</Filter>
    </ClCompile>
    <ClCompile Include="exception\missing_required_sections.cpp">
      <Filter>Source Files\exception</Filter>
    </ClCompile>
    <ClCompile Include="exception\unsupported_operation_exception.cpp">
      <Filter>Source Files\exception</Filter>
    </ClCompile>
    <ClCompile Include="ip_parser\parser\allFF.cpp">
      <Filter>Source Files\ip_parser\parser</Filter>
    </ClCompile>
    <ClCompile Include="ip_parser\parser\CIDRMask.cpp">
      <Filter>Source Files\ip_parser\parser</Filter>
    </ClCompile>
    <ClCompile Include="ip_parser\parser\dtoi.cpp">
      <Filter>Source Files\ip_parser\parser</Filter>
    </ClCompile>
    <ClCompile Include="ip_parser\parser\equal.cpp">
      <Filter>Source Files\ip_parser\parser</Filter>
    </ClCompile>
    <ClCompile Include="ip_parser\parser\IP.cpp">
      <Filter>Source Files\ip_parser\parser</Filter>
    </ClCompile>
    <ClCompile Include="ip_parser\parser\IPNet.cpp">
      <Filter>Source Files\ip_parser\parser</Filter>
    </ClCompile>
    <ClCompile Include="ip_parser\parser\IPv4.cpp">
      <Filter>Source Files\ip_parser\parser</Filter>
    </ClCompile>
    <ClCompile Include="ip_parser\parser\parseCIDR.cpp">
      <Filter>Source Files\ip_parser\parser</Filter>
    </ClCompile>
    <ClCompile Include="ip_parser\parser\parseIP.cpp">
      <Filter>Source Files\ip_parser\parser</Filter>
    </ClCompile>
    <ClCompile Include="ip_parser\parser\parseIPv6.cpp">
      <Filter>Source Files\ip_parser\parser</Filter>
    </ClCompile>
    <ClCompile Include="ip_parser\parser\Print.cpp">
      <Filter>Source Files\ip_parser\parser</Filter>
    </ClCompile>
    <ClCompile Include="ip_parser\parser\xtoi.cpp">
      <Filter>Source Files\ip_parser\parser</Filter>
    </ClCompile>
    <ClCompile Include="model\assertion.cpp">
      <Filter>Source Files\model</Filter>
    </ClCompile>
    <ClCompile Include="model\function.cpp">
      <Filter>Source Files\model</Filter>
    </ClCompile>
    <ClCompile Include="model\model.cpp">
      <Filter>Source Files\model</Filter>
    </ClCompile>
    <ClCompile Include="model\scope_config.cpp">
      <Filter>Source Files\model</Filter>
    </ClCompile>
    <ClCompile Include="util\array_equals.cpp">
      <Filter>Source Files\util</Filter>
    </ClCompile>
    <ClCompile Include="util\array_remove_duplicates.cpp">
      <Filter>Source Files\util</Filter>
    </ClCompile>
    <ClCompile Include="util\array_to_string.cpp">
      <Filter>Source Files\util</Filter>
    </ClCompile>
    <ClCompile Include="util\built_in_functions.cpp">
      <Filter>Source Files\util</Filter>
    </ClCompile>
    <ClCompile Include="util\ends_with.cpp">
      <Filter>Source Files\util</Filter>
    </ClCompile>
    <ClCompile Include="util\escape_assertion.cpp">
      <Filter>Source Files\util</Filter>
    </ClCompile>
    <ClCompile Include="util\find_all_occurences.cpp">
      <Filter>Source Files\util</Filter>
    </ClCompile>
    <ClCompile Include="util\is_instance_of.cpp">
      <Filter>Source Files\util</Filter>
    </ClCompile>
    <ClCompile Include="util\join.cpp">
      <Filter>Source Files\util</Filter>
    </ClCompile>
    <ClCompile Include="util\join_slice.cpp">
      <Filter>Source Files\util</Filter>
    </ClCompile>
    <ClCompile Include="util\remove_comments.cpp">
      <Filter>Source Files\util</Filter>
    </ClCompile>
    <ClCompile Include="util\set_subtract.cpp">
      <Filter>Source Files\util</Filter>
    </ClCompile>
    <ClCompile Include="util\split.cpp">
      <Filter>Source Files\util</Filter>
    </ClCompile>
    <ClCompile Include="util\trim.cpp">
      <Filter>Source Files\util</Filter>
    </ClCompile>
    <ClCompile Include="rbac\default_role_manager.cpp">
      <Filter>Source Files\rbac</Filter>
    </ClCompile>
    <ClCompile Include="persist\file_adapter\batch_file_adapter.cpp">
      <Filter>Source Files\persist\file_adapter</Filter>
    </ClCompile>
    <ClCompile Include="persist\file_adapter\file_adapter.cpp">
      <Filter>Source Files\persist\file_adapter</Filter>
    </ClCompile>
    <ClCompile Include="persist\adapter.cpp">
      <Filter>Source Files\persist</Filter>
    </ClCompile>
    <ClCompile Include="persist\default_watcher.cpp">
      <Filter>Source Files\persist</Filter>
    </ClCompile>
    <ClCompile Include="persist\default_watcher_ex.cpp">
      <Filter>Source Files\persist</Filter>
    </ClCompile>
    <ClCompile Include="enforcer.cpp">
      <Filter>Source Files</Filter>
    </ClCompile>
    <ClCompile Include="internal_api.cpp">
      <Filter>Source Files</Filter>
    </ClCompile>
    <ClCompile Include="management_api.cpp">
      <Filter>Source Files</Filter>
    </ClCompile>
    <ClCompile Include="rbac_api.cpp">
      <Filter>Source Files</Filter>
    </ClCompile>
    <ClCompile Include="rbac_api_with_domains.cpp">
      <Filter>Source Files</Filter>
    </ClCompile>
    <ClCompile Include="ip_parser\exception\ParserException.cpp">
      <Filter>Source Files\ip_parser\exceptions</Filter>
    </ClCompile>
    <ClCompile Include="ip_parser\parser\parseIPv4.cpp">
      <Filter>Source Files\ip_parser\parser</Filter>
    </ClCompile>
    <ClCompile Include="persist\file_adapter\filtered_file_adapter.cpp">
      <Filter>Source Files\persist\file_adapter</Filter>
    </ClCompile>
    <ClCompile Include="enforcer_cached.cpp">
      <Filter>Source Files</Filter>
    </ClCompile>
  </ItemGroup>
  <ItemGroup>
    <ClInclude Include="config\config_interface.h">
      <Filter>Header Files\config</Filter>
    </ClInclude>
    <ClInclude Include="config\config.h">
      <Filter>Header Files\config</Filter>
    </ClInclude>
    <ClInclude Include="effect\effect.h">
      <Filter>Header Files\effect</Filter>
    </ClInclude>
    <ClInclude Include="effect\effector.h">
      <Filter>Header Files\effect</Filter>
    </ClInclude>
    <ClInclude Include="persist\adapter.h">
      <Filter>Header Files\persist</Filter>
    </ClInclude>
    <ClInclude Include="persist\watcher.h">
      <Filter>Header Files\persist</Filter>
    </ClInclude>
    <ClInclude Include="persist\file-adapter\file_adapter.h">
      <Filter>Header Files\persist\file_adapter</Filter>
    </ClInclude>
    <ClInclude Include="rbac\default_role_manager.h">
      <Filter>Header Files\rbac</Filter>
    </ClInclude>
    <ClInclude Include="rbac\role_manager.h">
      <Filter>Header Files\rbac</Filter>
    </ClInclude>
    <ClInclude Include="enforcer.h">
      <Filter>Header Files</Filter>
    </ClInclude>
    <ClInclude Include="enforcer_interface.h">
      <Filter>Header Files</Filter>
    </ClInclude>
    <ClInclude Include="persist\file-adapter\batch_file_adapter.h">
      <Filter>Header Files\persist\file_adapter</Filter>
    </ClInclude>
    <ClInclude Include="persist\batch_adapter.h">
      <Filter>Header Files\persist</Filter>
    </ClInclude>
    <ClInclude Include="persist\default_watcher_ex.h">
      <Filter>Header Files\persist</Filter>
    </ClInclude>
    <ClInclude Include="persist\watcher_ex.h">
      <Filter>Header Files\persist</Filter>
    </ClInclude>
    <ClInclude Include="util\built_in_functions.h">
      <Filter>Header Files\util</Filter>
    </ClInclude>
    <ClInclude Include="util\pch.h">
      <Filter>Header Files\util</Filter>
    </ClInclude>
    <ClInclude Include="util\util.h">
      <Filter>Header Files\util</Filter>
    </ClInclude>
    <ClInclude Include="config\pch.h">
      <Filter>Header Files\config</Filter>
    </ClInclude>
    <ClInclude Include="persist\pch.h">
      <Filter>Header Files\persist</Filter>
    </ClInclude>
    <ClInclude Include="persist\file-adapter\pch.h">
      <Filter>Header Files\persist\file_adapter</Filter>
    </ClInclude>
    <ClInclude Include="rbac\pch.h">
      <Filter>Header Files\rbac</Filter>
    </ClInclude>
    <ClInclude Include="exception\casbin_adapter_exception.h">
      <Filter>Header Files\exception</Filter>
    </ClInclude>
    <ClInclude Include="exception\casbin_enforcer_exception.h">
      <Filter>Header Files\exception</Filter>
    </ClInclude>
    <ClInclude Include="exception\casbin_rbac_exception.h">
      <Filter>Header Files\exception</Filter>
    </ClInclude>
    <ClInclude Include="exception\illegal_argument_exception.h">
      <Filter>Header Files\exception</Filter>
    </ClInclude>
    <ClInclude Include="exception\io_exception.h">
      <Filter>Header Files\exception</Filter>
    </ClInclude>
    <ClInclude Include="exception\missing_required_sections.h">
      <Filter>Header Files\exception</Filter>
    </ClInclude>
    <ClInclude Include="exception\pch.h">
      <Filter>Header Files\exception</Filter>
    </ClInclude>
    <ClInclude Include="exception\unsupported_operation_exception.h">
      <Filter>Header Files\exception</Filter>
    </ClInclude>
    <ClInclude Include="ip_parser\exceptions\ParserException.h">
      <Filter>Header Files\ip_parser\exception</Filter>
    </ClInclude>
    <ClInclude Include="ip_parser\exceptions\pch.h">
      <Filter>Header Files\ip_parser\exception</Filter>
    </ClInclude>
    <ClInclude Include="ip_parser\parser\allFF.h">
      <Filter>Header Files\ip_parser\parser</Filter>
    </ClInclude>
    <ClInclude Include="ip_parser\parser\byte.h">
      <Filter>Header Files\ip_parser\parser</Filter>
    </ClInclude>
    <ClInclude Include="ip_parser\parser\CIDR.h">
      <Filter>Header Files\ip_parser\parser</Filter>
    </ClInclude>
    <ClInclude Include="ip_parser\parser\CIDRMask.h">
      <Filter>Header Files\ip_parser\parser</Filter>
    </ClInclude>
    <ClInclude Include="ip_parser\parser\dtoi.h">
      <Filter>Header Files\ip_parser\parser</Filter>
    </ClInclude>
    <ClInclude Include="ip_parser\parser\equal.h">
      <Filter>Header Files\ip_parser\parser</Filter>
    </ClInclude>
    <ClInclude Include="ip_parser\parser\IP.h">
      <Filter>Header Files\ip_parser\parser</Filter>
    </ClInclude>
    <ClInclude Include="ip_parser\parser\IPMask.h">
      <Filter>Header Files\ip_parser\parser</Filter>
    </ClInclude>
    <ClInclude Include="ip_parser\parser\IPNet.h">
      <Filter>Header Files\ip_parser\parser</Filter>
    </ClInclude>
    <ClInclude Include="ip_parser\parser\IPv4.h">
      <Filter>Header Files\ip_parser\parser</Filter>
    </ClInclude>
    <ClInclude Include="ip_parser\parser\parseCIDR.h">
      <Filter>Header Files\ip_parser\parser</Filter>
    </ClInclude>
    <ClInclude Include="ip_parser\parser\parseIP.h">
      <Filter>Header Files\ip_parser\parser</Filter>
    </ClInclude>
    <ClInclude Include="ip_parser\parser\parseIPv4.h">
      <Filter>Header Files\ip_parser\parser</Filter>
    </ClInclude>
    <ClInclude Include="ip_parser\parser\parseIPv6.h">
      <Filter>Header Files\ip_parser\parser</Filter>
    </ClInclude>
    <ClInclude Include="ip_parser\parser\pch.h">
      <Filter>Header Files\ip_parser\parser</Filter>
    </ClInclude>
    <ClInclude Include="ip_parser\parser\Print.h">
      <Filter>Header Files\ip_parser\parser</Filter>
    </ClInclude>
    <ClInclude Include="ip_parser\parser\xtoi.h">
      <Filter>Header Files\ip_parser\parser</Filter>
    </ClInclude>
    <ClInclude Include="duktape\duk_config.h">
      <Filter>Header Files\duktape</Filter>
    </ClInclude>
    <ClInclude Include="duktape\duktape.h">
      <Filter>Header Files\duktape</Filter>
    </ClInclude>
    <ClInclude Include="duktape\pch.h">
      <Filter>Header Files\duktape</Filter>
    </ClInclude>
    <ClInclude Include="effect\default_effector.h">
      <Filter>Header Files\effect</Filter>
    </ClInclude>
    <ClInclude Include="effect\pch.h">
      <Filter>Header Files\effect</Filter>
    </ClInclude>
    <ClInclude Include="persist\default_watcher.h">
      <Filter>Header Files\persist</Filter>
    </ClInclude>
    <ClInclude Include="config.h">
      <Filter>Header Files</Filter>
    </ClInclude>
    <ClInclude Include="duktape.h">
      <Filter>Header Files</Filter>
    </ClInclude>
    <ClInclude Include="effect.h">
      <Filter>Header Files</Filter>
    </ClInclude>
    <ClInclude Include="exception.h">
      <Filter>Header Files</Filter>
    </ClInclude>
    <ClInclude Include="model.h">
      <Filter>Header Files</Filter>
    </ClInclude>
    <ClInclude Include="persist.h">
      <Filter>Header Files</Filter>
    </ClInclude>
    <ClInclude Include="rbac.h">
      <Filter>Header Files</Filter>
    </ClInclude>
    <ClInclude Include="util.h">
      <Filter>Header Files</Filter>
    </ClInclude>
    <ClInclude Include="model\assertion.h">
      <Filter>Header Files\model</Filter>
    </ClInclude>
    <ClInclude Include="model\function.h">
      <Filter>Header Files\model</Filter>
    </ClInclude>
    <ClInclude Include="model\model.h">
      <Filter>Header Files\model</Filter>
    </ClInclude>
    <ClInclude Include="model\pch.h">
      <Filter>Header Files\model</Filter>
    </ClInclude>
    <ClInclude Include="model\scope_config.h">
      <Filter>Header Files\model</Filter>
    </ClInclude>
    <ClInclude Include="persist\filtered_adapter.h">
      <Filter>Header Files\persist</Filter>
    </ClInclude>
    <ClInclude Include="persist\file_adapter\filtered_file_adapter.h">
      <Filter>Header Files\persist\file_adapter</Filter>
    </ClInclude>
    <ClInclude Include="enforcer_cached.h">
      <Filter>Header Files</Filter>
    </ClInclude>
  </ItemGroup>
  <ItemGroup>
    <None Include=".clang-format" />
  </ItemGroup>
</Project>